
Microsoft Visual Studio Solution File, Format Version 12.00
# Visual Studio Version 16
VisualStudioVersion = 16.0.808.7
MinimumVisualStudioVersion = 10.0.40219.1
Project("{FAE04EC0-301F-11D3-BF4B-00C04F79EFBC}") = "FactoryPatternExercise", "FactoryPatternExercise\FactoryPatternExercise.csproj", "{93822D54-69FE-4C4C-B9F0-7947B0C89031}"
EndProject
Global
	GlobalSection(SolutionConfigurationPlatforms) = preSolution
		Debug|Any CPU = Debug|Any CPU
		Release|Any CPU = Release|Any CPU
	EndGlobalSection
	GlobalSection(ProjectConfigurationPlatforms) = postSolution
		{93822D54-69FE-4C4C-B9F0-7947B0C89031}.Debug|Any CPU.ActiveCfg = Debug|Any CPU
		{93822D54-69FE-4C4C-B9F0-7947B0C89031}.Debug|Any CPU.Build.0 = Debug|Any CPU
		{93822D54-69FE-4C4C-B9F0-7947B0C89031}.Release|Any CPU.ActiveCfg = Release|Any CPU
		{93822D54-69FE-4C4C-B9F0-7947B0C89031}.Release|Any CPU.Build.0 = Release|Any CPU
	EndGlobalSection
	GlobalSection(SolutionProperties) = preSolution
		HideSolutionNode = FALSE
	EndGlobalSection
	GlobalSection(ExtensibilityGlobals) = postSolution
		SolutionGuid = {E7CDAB85-287D-4AD1-A39A-8159B2FAFA5B}
	EndGlobalSection
EndGlobal
